
Microsoft Visual Studio Solution File, Format Version 12.00
# Visual Studio Version 17
VisualStudioVersion = 17.2.32630.192
MinimumVisualStudioVersion = 10.0.40219.1
Project("{FAE04EC0-301F-11D3-BF4B-00C04F79EFBC}") = "4.1", "4.1\4.1.csproj", "{86E84CE3-577F-49DD-94E3-CA74DA88594E}"
EndProject
Project("{FAE04EC0-301F-11D3-BF4B-00C04F79EFBC}") = "Monday Classwork", "Monday Classwork\Monday Classwork.csproj", "{E9D997AB-93FD-42E1-A53B-452529DAB652}"
EndProject
Project("{2150E333-8FDC-42A3-9474-1A3956D46DE8}") = "Solution Items", "Solution Items", "{E3678D46-21CB-4C77-A00B-09D0C557504F}"
	ProjectSection(SolutionItems) = preProject
		.gitignore = .gitignore
	EndProjectSection
EndProject
Global
	GlobalSection(SolutionConfigurationPlatforms) = preSolution
		Debug|Any CPU = Debug|Any CPU
		Release|Any CPU = Release|Any CPU
	EndGlobalSection
	GlobalSection(ProjectConfigurationPlatforms) = postSolution
		{86E84CE3-577F-49DD-94E3-CA74DA88594E}.Debug|Any CPU.ActiveCfg = Debug|Any CPU
		{86E84CE3-577F-49DD-94E3-CA74DA88594E}.Debug|Any CPU.Build.0 = Debug|Any CPU
		{86E84CE3-577F-49DD-94E3-CA74DA88594E}.Release|Any CPU.ActiveCfg = Release|Any CPU
		{86E84CE3-577F-49DD-94E3-CA74DA88594E}.Release|Any CPU.Build.0 = Release|Any CPU
		{E9D997AB-93FD-42E1-A53B-452529DAB652}.Debug|Any CPU.ActiveCfg = Debug|Any CPU
		{E9D997AB-93FD-42E1-A53B-452529DAB652}.Debug|Any CPU.Build.0 = Debug|Any CPU
		{E9D997AB-93FD-42E1-A53B-452529DAB652}.Release|Any CPU.ActiveCfg = Release|Any CPU
		{E9D997AB-93FD-42E1-A53B-452529DAB652}.Release|Any CPU.Build.0 = Release|Any CPU
	EndGlobalSection
	GlobalSection(SolutionProperties) = preSolution
		HideSolutionNode = FALSE
	EndGlobalSection
	GlobalSection(ExtensibilityGlobals) = postSolution
		SolutionGuid = {B0E411E0-F635-4B0A-B324-614936D5A4C4}
	EndGlobalSection
EndGlobal
